
Microsoft Visual Studio Solution File, Format Version 12.00
# Visual Studio Version 16
VisualStudioVersion = 16.0.29424.173
MinimumVisualStudioVersion = 10.0.40219.1
Project("{FAE04EC0-301F-11D3-BF4B-00C04F79EFBC}") = "LibraryServiceMonolithic", "LibraryServiceMonolithic\LibraryServiceMonolithic.csproj", "{1149658F-4525-4958-A827-200AF2A6F950}"
EndProject
Global
	GlobalSection(SolutionConfigurationPlatforms) = preSolution
		Debug|Any CPU = Debug|Any CPU
		Release|Any CPU = Release|Any CPU
	EndGlobalSection
	GlobalSection(ProjectConfigurationPlatforms) = postSolution
		{1149658F-4525-4958-A827-200AF2A6F950}.Debug|Any CPU.ActiveCfg = Debug|Any CPU
		{1149658F-4525-4958-A827-200AF2A6F950}.Debug|Any CPU.Build.0 = Debug|Any CPU
		{1149658F-4525-4958-A827-200AF2A6F950}.Release|Any CPU.ActiveCfg = Release|Any CPU
		{1149658F-4525-4958-A827-200AF2A6F950}.Release|Any CPU.Build.0 = Release|Any CPU
	EndGlobalSection
	GlobalSection(SolutionProperties) = preSolution
		HideSolutionNode = FALSE
	EndGlobalSection
	GlobalSection(ExtensibilityGlobals) = postSolution
		SolutionGuid = {C24919DA-FB72-4E90-9CCC-3FFD2A7F9867}
	EndGlobalSection
EndGlobal
